{
  "version": 4,
  "terraform_version": "1.12.1",
  "serial": 9,
  "lineage": "38dbe4bf-4c7b-137c-ac16-150e84acad36",
  "outputs": {
    "public_ip_address": {
      "value": "52.234.249.81",
      "type": "string"
    },
    "resource_group_name": {
      "value": "boda0004-A05-RG",
      "type": "string"
    }
  },
  "resources": [
    {
      "mode": "data",
      "type": "cloudinit_config",
      "name": "web_server",
      "provider": "provider[\"registry.terraform.io/hashicorp/cloudinit\"]",
      "instances": [
        {
          "schema_version": 0,
          "attributes": {
            "base64_encode": true,
            "boundary": "MIMEBOUNDARY",
            "gzip": false,
            "id": "2498637367",
            "part": [
              {
                "content": "#!/bin/bash\nsudo apt-get update\nsudo apt-get install -y apache2\n",
                "content_type": "text/x-shellscript",
                "filename": null,
                "merge_type": null
              }
            ],
            "rendered": "Q29udGVudC1UeXBlOiBtdWx0aXBhcnQvbWl4ZWQ7IGJvdW5kYXJ5PSJNSU1FQk9VTkRBUlkiCk1JTUUtVmVyc2lvbjogMS4wDQoNCi0tTUlNRUJPVU5EQVJZDQpDb250ZW50LVRyYW5zZmVyLUVuY29kaW5nOiA3Yml0DQpDb250ZW50LVR5cGU6IHRleHQveC1zaGVsbHNjcmlwdA0KTWltZS1WZXJzaW9uOiAxLjANCg0KIyEvYmluL2Jhc2gKc3VkbyBhcHQtZ2V0IHVwZGF0ZQpzdWRvIGFwdC1nZXQgaW5zdGFsbCAteSBhcGFjaGUyCg0KLS1NSU1FQk9VTkRBUlktLQ0K"
          },
          "sensitive_attributes": [],
          "identity_schema_version": 0
        }
      ]
    },
    {
      "mode": "managed",
      "type": "azurerm_linux_virtual_machine",
      "name": "main",
      "provider": "provider[\"registry.terraform.io/hashicorp/azurerm\"]",
      "instances": [
        {
          "schema_version": 0,
          "attributes": {
            "additional_capabilities": [],
            "admin_password": null,
            "admin_ssh_key": [
              {
                "public_key": "ssh-rsa AAAAB3NzaC1yc2EAAAADAQABAAACAQDNNQNtGLKYMaRNDErZI3hBegjFabGYkyFPUZaLyEOkmCoFKC42hDOQbtcQ/dCq7jRorMJjOiW4EaZ3/sgY1bZ4TsPFINf+Wu2b+HEGu5K0cnffb3X25ilzFF7ZVGzkAbLsUfR72wxvmcvpR0YBPQgsNJRTGmrvX+WJM2rOI476tRtRoUvOgtjpdx0XIBuqtJGGxal+joCnX2+2Xs8vxXzvLTvS0AoSF/QNbviSK0VuD5tU86NHco7hDi1rrGG7SB9ahywrn5KRhejFyYzE0FdQWm9L8liGixvW8d+TZh84rP/271kxkUjJ2PDCCd+m21wu+XzDQtwVKauhhFutxgw3a/dfThXCBRM+4VuVchB2YqCQzFmprRWSOcm15ptXe38H8sQ02yotTExeNNRwvFdLieCbk5NewTIys7B1XZN2GCEFPfzLHRCslJUzQ+wMZ3LRzA+zPPY6DGAe4Pj6Ge5hOvpI5u+HLCRPsd5RsL9A8T0dTKYAfAsoubzCw/9hLS8HysMOMUKCNbpziNpxhZEsyvNd3MZ30nWJiwkeZH6snWfqptKzNRxKxmGGo7qO9fwxqt2NnHKFx7Ga4ocN3NWtxxyw8f1jwblVaOy1c6aNr7dAQUeQsaQLIFyWWxytxMohI0KICn5YW1khgcz0n4PdQMG/vcxG1MUhkGuG/4y7SQ== boda0004@algonquinlive.com\n",
                "username": "azureadmin"
              }
            ],
            "admin_username": "azureadmin",
            "allow_extension_operations": true,
            "availability_set_id": "",
            "boot_diagnostics": [],
            "computer_name": "boda0004-A05-VM",
            "custom_data": "Q29udGVudC1UeXBlOiBtdWx0aXBhcnQvbWl4ZWQ7IGJvdW5kYXJ5PSJNSU1FQk9VTkRBUlkiCk1JTUUtVmVyc2lvbjogMS4wDQoNCi0tTUlNRUJPVU5EQVJZDQpDb250ZW50LVRyYW5zZmVyLUVuY29kaW5nOiA3Yml0DQpDb250ZW50LVR5cGU6IHRleHQveC1zaGVsbHNjcmlwdA0KTWltZS1WZXJzaW9uOiAxLjANCg0KIyEvYmluL2Jhc2gKc3VkbyBhcHQtZ2V0IHVwZGF0ZQpzdWRvIGFwdC1nZXQgaW5zdGFsbCAteSBhcGFjaGUyCg0KLS1NSU1FQk9VTkRBUlktLQ0K",
            "dedicated_host_group_id": "",
            "dedicated_host_id": "",
            "disable_password_authentication": true,
            "edge_zone": "",
            "encryption_at_host_enabled": false,
            "eviction_policy": "",
            "extensions_time_budget": "PT1H30M",
            "id": "/subscriptions/8cbef4f5-1787-4c1d-9f81-d4f42da7b0b4/resourceGroups/boda0004-A05-RG/providers/Microsoft.Compute/virtualMachines/boda0004-A05-VM",
            "identity": [],
            "license_type": "",
            "location": "eastus",
            "max_bid_price": -1,
            "name": "boda0004-A05-VM",
            "network_interface_ids": [
              "/subscriptions/8cbef4f5-1787-4c1d-9f81-d4f42da7b0b4/resourceGroups/boda0004-A05-RG/providers/Microsoft.Network/networkInterfaces/boda0004-A05-NIC"
            ],
            "os_disk": [
              {
                "caching": "ReadWrite",
                "diff_disk_settings": [],
                "disk_encryption_set_id": "",
                "disk_size_gb": 30,
                "name": "boda0004-A05-VM_OsDisk_1_d4a5ef1dbf4c4fc0b55d8e7f61c92884",
                "storage_account_type": "Standard_LRS",
                "write_accelerator_enabled": false
              }
            ],
            "patch_mode": "ImageDefault",
            "plan": [],
            "platform_fault_domain": -1,
            "priority": "Regular",
            "private_ip_address": "10.0.1.4",
            "private_ip_addresses": [
              "10.0.1.4"
            ],
            "provision_vm_agent": true,
            "proximity_placement_group_id": "",
            "public_ip_address": "52.234.249.81",
            "public_ip_addresses": [
              "52.234.249.81"
            ],
            "resource_group_name": "boda0004-A05-RG",
            "secret": [],
            "secure_boot_enabled": false,
            "size": "Standard_B1s",
            "source_image_id": "",
            "source_image_reference": [
              {
                "offer": "0001-com-ubuntu-server-jammy",
                "publisher": "Canonical",
                "sku": "22_04-lts-gen2",
                "version": "latest"
              }
            ],
            "tags": null,
            "termination_notification": null,
            "timeouts": null,
            "user_data": "",
            "virtual_machine_id": "4372ce41-caeb-4ef0-bea6-9c6275ca4e43",
            "virtual_machine_scale_set_id": "",
            "vtpm_enabled": false,
            "zone": ""
          },
          "sensitive_attributes": [
            [
              {
                "type": "get_attr",
                "value": "admin_password"
              }
            ],
            [
              {
                "type": "get_attr",
                "value": "custom_data"
              }
            ]
          ],
          "identity_schema_version": 0,
          "private": "eyJlMmJmYjczMC1lY2FhLTExZTYtOGY4OC0zNDM2M2JjN2M0YzAiOnsiY3JlYXRlIjoyNzAwMDAwMDAwMDAwLCJkZWxldGUiOjI3MDAwMDAwMDAwMDAsInJlYWQiOjMwMDAwMDAwMDAwMCwidXBkYXRlIjoyNzAwMDAwMDAwMDAwfX0=",
          "dependencies": [
            "azurerm_network_interface.main",
            "azurerm_public_ip.main",
            "azurerm_resource_group.main",
            "azurerm_subnet.main",
            "azurerm_virtual_network.main",
            "data.cloudinit_config.web_server"
          ]
        }
      ]
    },
    {
      "mode": "managed",
      "type": "azurerm_network_interface",
      "name": "main",
      "provider": "provider[\"registry.terraform.io/hashicorp/azurerm\"]",
      "instances": [
        {
          "schema_version": 0,
          "attributes": {
            "applied_dns_servers": [],
            "dns_servers": [],
            "edge_zone": "",
            "enable_accelerated_networking": false,
            "enable_ip_forwarding": false,
            "id": "/subscriptions/8cbef4f5-1787-4c1d-9f81-d4f42da7b0b4/resourceGroups/boda0004-A05-RG/providers/Microsoft.Network/networkInterfaces/boda0004-A05-NIC",
            "internal_dns_name_label": "",
            "internal_domain_name_suffix": "sxzypc1bef1ezmcrgqgc3gzjue.bx.internal.cloudapp.net",
            "ip_configuration": [
              {
                "gateway_load_balancer_frontend_ip_configuration_id": "",
                "name": "internal",
                "primary": true,
                "private_ip_address": "10.0.1.4",
                "private_ip_address_allocation": "Dynamic",
                "private_ip_address_version": "IPv4",
                "public_ip_address_id": "/subscriptions/8cbef4f5-1787-4c1d-9f81-d4f42da7b0b4/resourceGroups/boda0004-A05-RG/providers/Microsoft.Network/publicIPAddresses/boda0004-A05-PublicIP",
                "subnet_id": "/subscriptions/8cbef4f5-1787-4c1d-9f81-d4f42da7b0b4/resourceGroups/boda0004-A05-RG/providers/Microsoft.Network/virtualNetworks/boda0004-A05-VNet/subnets/boda0004-A05-Subnet"
              }
            ],
            "location": "eastus",
            "mac_address": "",
            "name": "boda0004-A05-NIC",
            "private_ip_address": "10.0.1.4",
            "private_ip_addresses": [
              "10.0.1.4"
            ],
            "resource_group_name": "boda0004-A05-RG",
            "tags": null,
            "timeouts": null,
            "virtual_machine_id": ""
          },
          "sensitive_attributes": [],
          "identity_schema_version": 0,
          "private": "eyJlMmJmYjczMC1lY2FhLTExZTYtOGY4OC0zNDM2M2JjN2M0YzAiOnsiY3JlYXRlIjoxODAwMDAwMDAwMDAwLCJkZWxldGUiOjE4MDAwMDAwMDAwMDAsInJlYWQiOjMwMDAwMDAwMDAwMCwidXBkYXRlIjoxODAwMDAwMDAwMDAwfX0=",
          "dependencies": [
            "azurerm_public_ip.main",
            "azurerm_resource_group.main",
            "azurerm_subnet.main",
            "azurerm_virtual_network.main"
          ]
        }
      ]
    },
    {
      "mode": "managed",
      "type": "azurerm_network_interface_security_group_association",
      "name": "main",
      "provider": "provider[\"registry.terraform.io/hashicorp/azurerm\"]",
      "instances": [
        {
          "schema_version": 0,
          "attributes": {
            "id": "/subscriptions/8cbef4f5-1787-4c1d-9f81-d4f42da7b0b4/resourceGroups/boda0004-A05-RG/providers/Microsoft.Network/networkInterfaces/boda0004-A05-NIC|/subscriptions/8cbef4f5-1787-4c1d-9f81-d4f42da7b0b4/resourceGroups/boda0004-A05-RG/providers/Microsoft.Network/networkSecurityGroups/boda0004-A05-SecurityGroup",
            "network_interface_id": "/subscriptions/8cbef4f5-1787-4c1d-9f81-d4f42da7b0b4/resourceGroups/boda0004-A05-RG/providers/Microsoft.Network/networkInterfaces/boda0004-A05-NIC",
            "network_security_group_id": "/subscriptions/8cbef4f5-1787-4c1d-9f81-d4f42da7b0b4/resourceGroups/boda0004-A05-RG/providers/Microsoft.Network/networkSecurityGroups/boda0004-A05-SecurityGroup",
            "timeouts": null
          },
          "sensitive_attributes": [],
          "identity_schema_version": 0,
          "private": "eyJlMmJmYjczMC1lY2FhLTExZTYtOGY4OC0zNDM2M2JjN2M0YzAiOnsiY3JlYXRlIjoxODAwMDAwMDAwMDAwLCJkZWxldGUiOjE4MDAwMDAwMDAwMDAsInJlYWQiOjMwMDAwMDAwMDAwMCwidXBkYXRlIjoxODAwMDAwMDAwMDAwfX0=",
          "dependencies": [
            "azurerm_network_interface.main",
            "azurerm_network_security_group.main",
            "azurerm_public_ip.main",
            "azurerm_resource_group.main",
            "azurerm_subnet.main",
            "azurerm_virtual_network.main"
          ]
        }
      ]
    },
    {
      "mode": "managed",
      "type": "azurerm_network_security_group",
      "name": "main",
      "provider": "provider[\"registry.terraform.io/hashicorp/azurerm\"]",
      "instances": [
        {
          "schema_version": 0,
          "attributes": {
            "id": "/subscriptions/8cbef4f5-1787-4c1d-9f81-d4f42da7b0b4/resourceGroups/boda0004-A05-RG/providers/Microsoft.Network/networkSecurityGroups/boda0004-A05-SecurityGroup",
            "location": "eastus",
            "name": "boda0004-A05-SecurityGroup",
            "resource_group_name": "boda0004-A05-RG",
            "security_rule": [
              {
                "access": "Allow",
                "description": "",
                "destination_address_prefix": "*",
                "destination_address_prefixes": [],
                "destination_application_security_group_ids": [],
                "destination_port_range": "22",
                "destination_port_ranges": [],
                "direction": "Inbound",
                "name": "SSH",
                "priority": 1001,
                "protocol": "Tcp",
                "source_address_prefix": "*",
                "source_address_prefixes": [],
                "source_application_security_group_ids": [],
                "source_port_range": "*",
                "source_port_ranges": []
              },
              {
                "access": "Allow",
                "description": "",
                "destination_address_prefix": "*",
                "destination_address_prefixes": [],
                "destination_application_security_group_ids": [],
                "destination_port_range": "80",
                "destination_port_ranges": [],
                "direction": "Inbound",
                "name": "HTTP",
                "priority": 1002,
                "protocol": "Tcp",
                "source_address_prefix": "*",
                "source_address_prefixes": [],
                "source_application_security_group_ids": [],
                "source_port_range": "*",
                "source_port_ranges": []
              }
            ],
            "tags": null,
            "timeouts": null
          },
          "sensitive_attributes": [],
          "identity_schema_version": 0,
          "private": "eyJlMmJmYjczMC1lY2FhLTExZTYtOGY4OC0zNDM2M2JjN2M0YzAiOnsiY3JlYXRlIjoxODAwMDAwMDAwMDAwLCJkZWxldGUiOjE4MDAwMDAwMDAwMDAsInJlYWQiOjMwMDAwMDAwMDAwMCwidXBkYXRlIjoxODAwMDAwMDAwMDAwfX0=",
          "dependencies": [
            "azurerm_resource_group.main"
          ]
        }
      ]
    },
    {
      "mode": "managed",
      "type": "azurerm_public_ip",
      "name": "main",
      "provider": "provider[\"registry.terraform.io/hashicorp/azurerm\"]",
      "instances": [
        {
          "schema_version": 0,
          "attributes": {
            "allocation_method": "Static",
            "domain_name_label": null,
            "edge_zone": "",
            "fqdn": null,
            "id": "/subscriptions/8cbef4f5-1787-4c1d-9f81-d4f42da7b0b4/resourceGroups/boda0004-A05-RG/providers/Microsoft.Network/publicIPAddresses/boda0004-A05-PublicIP",
            "idle_timeout_in_minutes": 4,
            "ip_address": "52.234.249.81",
            "ip_tags": null,
            "ip_version": "IPv4",
            "location": "eastus",
            "name": "boda0004-A05-PublicIP",
            "public_ip_prefix_id": null,
            "resource_group_name": "boda0004-A05-RG",
            "reverse_fqdn": null,
            "sku": "Basic",
            "sku_tier": "Regional",
            "tags": null,
            "timeouts": null,
            "zones": null
          },
          "sensitive_attributes": [],
          "identity_schema_version": 0,
          "private": "eyJlMmJmYjczMC1lY2FhLTExZTYtOGY4OC0zNDM2M2JjN2M0YzAiOnsiY3JlYXRlIjoxODAwMDAwMDAwMDAwLCJkZWxldGUiOjE4MDAwMDAwMDAwMDAsInJlYWQiOjMwMDAwMDAwMDAwMCwidXBkYXRlIjoxODAwMDAwMDAwMDAwfX0=",
          "dependencies": [
            "azurerm_resource_group.main"
          ]
        }
      ]
    },
    {
      "mode": "managed",
      "type": "azurerm_resource_group",
      "name": "main",
      "provider": "provider[\"registry.terraform.io/hashicorp/azurerm\"]",
      "instances": [
        {
          "schema_version": 0,
          "attributes": {
            "id": "/subscriptions/8cbef4f5-1787-4c1d-9f81-d4f42da7b0b4/resourceGroups/boda0004-A05-RG",
            "location": "eastus",
            "name": "boda0004-A05-RG",
            "tags": null,
            "timeouts": null
          },
          "sensitive_attributes": [],
          "identity_schema_version": 0,
          "private": "eyJlMmJmYjczMC1lY2FhLTExZTYtOGY4OC0zNDM2M2JjN2M0YzAiOnsiY3JlYXRlIjo1NDAwMDAwMDAwMDAwLCJkZWxldGUiOjU0MDAwMDAwMDAwMDAsInJlYWQiOjMwMDAwMDAwMDAwMCwidXBkYXRlIjo1NDAwMDAwMDAwMDAwfX0="
        }
      ]
    },
    {
      "mode": "managed",
      "type": "azurerm_subnet",
      "name": "main",
      "provider": "provider[\"registry.terraform.io/hashicorp/azurerm\"]",
      "instances": [
        {
          "schema_version": 0,
          "attributes": {
            "address_prefixes": [
              "10.0.1.0/24"
            ],
            "delegation": [],
            "enforce_private_link_endpoint_network_policies": false,
            "enforce_private_link_service_network_policies": false,
            "id": "/subscriptions/8cbef4f5-1787-4c1d-9f81-d4f42da7b0b4/resourceGroups/boda0004-A05-RG/providers/Microsoft.Network/virtualNetworks/boda0004-A05-VNet/subnets/boda0004-A05-Subnet",
            "name": "boda0004-A05-Subnet",
            "resource_group_name": "boda0004-A05-RG",
            "service_endpoint_policy_ids": null,
            "service_endpoints": null,
            "timeouts": null,
            "virtual_network_name": "boda0004-A05-VNet"
          },
          "sensitive_attributes": [],
          "identity_schema_version": 0,
          "private": "eyJlMmJmYjczMC1lY2FhLTExZTYtOGY4OC0zNDM2M2JjN2M0YzAiOnsiY3JlYXRlIjoxODAwMDAwMDAwMDAwLCJkZWxldGUiOjE4MDAwMDAwMDAwMDAsInJlYWQiOjMwMDAwMDAwMDAwMCwidXBkYXRlIjoxODAwMDAwMDAwMDAwfX0=",
          "dependencies": [
            "azurerm_resource_group.main",
            "azurerm_virtual_network.main"
          ]
        }
      ]
    },
    {
      "mode": "managed",
      "type": "azurerm_virtual_network",
      "name": "main",
      "provider": "provider[\"registry.terraform.io/hashicorp/azurerm\"]",
      "instances": [
        {
          "schema_version": 0,
          "attributes": {
            "address_space": [
              "10.0.0.0/16"
            ],
            "bgp_community": "",
            "ddos_protection_plan": [],
            "dns_servers": [],
            "edge_zone": "",
            "flow_timeout_in_minutes": 0,
            "guid": "8b87f395-2161-4c76-b051-340c2e9b29a4",
            "id": "/subscriptions/8cbef4f5-1787-4c1d-9f81-d4f42da7b0b4/resourceGroups/boda0004-A05-RG/providers/Microsoft.Network/virtualNetworks/boda0004-A05-VNet",
            "location": "eastus",
            "name": "boda0004-A05-VNet",
            "resource_group_name": "boda0004-A05-RG",
            "subnet": [],
            "tags": null,
            "timeouts": null
          },
          "sensitive_attributes": [],
          "identity_schema_version": 0,
          "private": "eyJlMmJmYjczMC1lY2FhLTExZTYtOGY4OC0zNDM2M2JjN2M0YzAiOnsiY3JlYXRlIjoxODAwMDAwMDAwMDAwLCJkZWxldGUiOjE4MDAwMDAwMDAwMDAsInJlYWQiOjMwMDAwMDAwMDAwMCwidXBkYXRlIjoxODAwMDAwMDAwMDAwfX0=",
          "dependencies": [
            "azurerm_resource_group.main"
          ]
        }
      ]
    }
  ],
  "check_results": null
}
